github.com/jpanther/congo/v2 v2.3.0 h1:xdSjS09G7//0UXhdhrqlKjcYTdXq/BzgMUu8P8Z2RtE=
github.com/jpanther/congo/v2 v2.3.0/go.mod h1:1S7DRoO1ZYS4YUdFd1LjTkdyjQwsjFWd8TqSfz3Jd+M=
github.com/jpanther/congo/v2 v2.4.2 h1:c+WSf/9Mr+a/bR4w3YteHwnsS5eTWgkU0QC2Mqx9pjc=
github.com/jpanther/congo/v2 v2.4.2/go.mod h1:1S7DRoO1ZYS4YUdFd1LjTkdyjQwsjFWd8TqSfz3Jd+M=
github.com/jpanther/congo/v2 v2.7.4 h1:VQk57hz/eNiR0BVgL8u4r6K7Wa8kkP/bN5zV4lLQBHY=
github.com/jpanther/congo/v2 v2.7.4/go.mod h1:1S7DRoO1ZYS4YUdFd1LjTkdyjQwsjFWd8TqSfz3Jd+M=
